
Microsoft Visual Studio Solution File, Format Version 12.00
# Visual Studio 15
VisualStudioVersion = 15.0.26124.0
MinimumVisualStudioVersion = 15.0.26124.0
Project("{FAE04EC0-301F-11D3-BF4B-00C04F79EFBC}") = "Project0.Library", "Project0.Library\Project0.Library.csproj", "{EFCFBD74-A851-494A-A14A-E9B250C70E28}"
EndProject
Project("{FAE04EC0-301F-11D3-BF4B-00C04F79EFBC}") = "Project0.app", "Project0.app\Project0.app.csproj", "{9EBE6163-3B82-49E9-B6B1-77D8F27F87BF}"
EndProject
Global
	GlobalSection(SolutionConfigurationPlatforms) = preSolution
		Debug|Any CPU = Debug|Any CPU
		Debug|x64 = Debug|x64
		Debug|x86 = Debug|x86
		Release|Any CPU = Release|Any CPU
		Release|x64 = Release|x64
		Release|x86 = Release|x86
	EndGlobalSection
	GlobalSection(SolutionProperties) = preSolution
		HideSolutionNode = FALSE
	EndGlobalSection
	GlobalSection(ProjectConfigurationPlatforms) = postSolution
		{EFCFBD74-A851-494A-A14A-E9B250C70E28}.Debug|Any CPU.ActiveCfg = Debug|Any CPU
		{EFCFBD74-A851-494A-A14A-E9B250C70E28}.Debug|Any CPU.Build.0 = Debug|Any CPU
		{EFCFBD74-A851-494A-A14A-E9B250C70E28}.Debug|x64.ActiveCfg = Debug|Any CPU
		{EFCFBD74-A851-494A-A14A-E9B250C70E28}.Debug|x64.Build.0 = Debug|Any CPU
		{EFCFBD74-A851-494A-A14A-E9B250C70E28}.Debug|x86.ActiveCfg = Debug|Any CPU
		{EFCFBD74-A851-494A-A14A-E9B250C70E28}.Debug|x86.Build.0 = Debug|Any CPU
		{EFCFBD74-A851-494A-A14A-E9B250C70E28}.Release|Any CPU.ActiveCfg = Release|Any CPU
		{EFCFBD74-A851-494A-A14A-E9B250C70E28}.Release|Any CPU.Build.0 = Release|Any CPU
		{EFCFBD74-A851-494A-A14A-E9B250C70E28}.Release|x64.ActiveCfg = Release|Any CPU
		{EFCFBD74-A851-494A-A14A-E9B250C70E28}.Release|x64.Build.0 = Release|Any CPU
		{EFCFBD74-A851-494A-A14A-E9B250C70E28}.Release|x86.ActiveCfg = Release|Any CPU
		{EFCFBD74-A851-494A-A14A-E9B250C70E28}.Release|x86.Build.0 = Release|Any CPU
		{9EBE6163-3B82-49E9-B6B1-77D8F27F87BF}.Debug|Any CPU.ActiveCfg = Debug|Any CPU
		{9EBE6163-3B82-49E9-B6B1-77D8F27F87BF}.Debug|Any CPU.Build.0 = Debug|Any CPU
		{9EBE6163-3B82-49E9-B6B1-77D8F27F87BF}.Debug|x64.ActiveCfg = Debug|Any CPU
		{9EBE6163-3B82-49E9-B6B1-77D8F27F87BF}.Debug|x64.Build.0 = Debug|Any CPU
		{9EBE6163-3B82-49E9-B6B1-77D8F27F87BF}.Debug|x86.ActiveCfg = Debug|Any CPU
		{9EBE6163-3B82-49E9-B6B1-77D8F27F87BF}.Debug|x86.Build.0 = Debug|Any CPU
		{9EBE6163-3B82-49E9-B6B1-77D8F27F87BF}.Release|Any CPU.ActiveCfg = Release|Any CPU
		{9EBE6163-3B82-49E9-B6B1-77D8F27F87BF}.Release|Any CPU.Build.0 = Release|Any CPU
		{9EBE6163-3B82-49E9-B6B1-77D8F27F87BF}.Release|x64.ActiveCfg = Release|Any CPU
		{9EBE6163-3B82-49E9-B6B1-77D8F27F87BF}.Release|x64.Build.0 = Release|Any CPU
		{9EBE6163-3B82-49E9-B6B1-77D8F27F87BF}.Release|x86.ActiveCfg = Release|Any CPU
		{9EBE6163-3B82-49E9-B6B1-77D8F27F87BF}.Release|x86.Build.0 = Release|Any CPU
	EndGlobalSection
EndGlobal
